PODS:
  - Alamofire (5.2.2)
  - BottomPopup (0.6.0)
  - FBSDKCoreKit (9.0.0):
    - FBSDKCoreKit/Basics (= 9.0.0)
    - FBSDKCoreKit/Core (= 9.0.0)
  - FBSDKCoreKit/Basics (9.0.0)
  - FBSDKCoreKit/Core (9.0.0):
    - FBSDKCoreKit/Basics
  - FBSDKLoginKit (9.0.0):
    - FBSDKLoginKit/Login (= 9.0.0)
  - FBSDKLoginKit/Login (9.0.0):
    - FBSDKCoreKit (~> 9.0.0)
  - GoogleMaps (4.1.0):
    - GoogleMaps/Maps (= 4.1.0)
  - GoogleMaps/Base (4.1.0)
  - GoogleMaps/Maps (4.1.0):
    - GoogleMaps/Base
  - lottie-ios (3.1.9)
  - MOLH (1.4.3)
  - SDWebImage (5.10.4):
    - SDWebImage/Core (= 5.10.4)
  - SDWebImage/Core (5.10.4)
  - SwiftyStarRatingView (1.0.4)

DEPENDENCIES:
  - Alamofire
  - BottomPopup
  - FBSDKLoginKit
  - GoogleMaps
  - lottie-ios
  - MOLH
  - SDWebImage
  - SwiftyStarRatingView

SPEC REPOS:
  trunk:
    - Alamofire
    - BottomPopup
    - FBSDKCoreKit
    - FBSDKLoginKit
    - GoogleMaps
    - lottie-ios
    - MOLH
    - SDWebImage
    - SwiftyStarRatingView

SPEC CHECKSUMS:
  Alamofire: 814429acc853c6c54ff123fc3d2ef66803823ce0
  BottomPopup: 1d5649a3b29396238f0e8f3c82075a7bfcf37ba7
  FBSDKCoreKit: ac6cc500b8e104bb9a4dd20b1527b5d199123c2e
  FBSDKLoginKit: e9b6542fdee322333502ab497f628b011dce7d78
  GoogleMaps: 008e2c80e38605b56b560e8deb73d4194ff30bef
  lottie-ios: 3a3758ef5a008e762faec9c9d50a39842f26d124
  MOLH: e45827d200aeb1310641090fd8cd03ad2b42ae72
  SDWebImage: c666b97e1fa9c64b4909816a903322018f0a9c84
  SwiftyStarRatingView: a2b0057700e0adeb8e7442c55d99cb53b531d2f4

PODFILE CHECKSUM: 50e9285f73960151eea449d9989e9d45b3754008

COCOAPODS: 1.9.3
